
Microsoft Visual Studio Solution File, Format Version 12.00
Project("{FAE04EC0-301F-11D3-BF4B-00C04F79EFBC}") = "Shop.API", "Shop.API\Shop.API.csproj", "{8A003306-4E45-434F-9681-36102F4A8BD1}"
EndProject
Project("{2150E333-8FDC-42A3-9474-1A3956D46DE8}") = "src", "src", "{5CB81EB1-17F6-4564-BE85-FEB3E01BE69A}"
EndProject
Project("{FAE04EC0-301F-11D3-BF4B-00C04F79EFBC}") = "Shop.Application", "Shop.Application\Shop.Application.csproj", "{6F8BB67F-6176-4D5A-AED1-01BEEC38DC36}"
EndProject
Project("{FAE04EC0-301F-11D3-BF4B-00C04F79EFBC}") = "Shop.Domain", "Shop.Domain\Shop.Domain.csproj", "{A1B5E0D8-2ED1-4779-9BEA-DDD49162E4B5}"
EndProject
Project("{FAE04EC0-301F-11D3-BF4B-00C04F79EFBC}") = "Shop.Infrastructure", "Shop.Infrastructure\Shop.Infrastructure.csproj", "{AAC93B7F-4B19-40B2-9CE4-07D54939404F}"
EndProject
Project("{2150E333-8FDC-42A3-9474-1A3956D46DE8}") = "tests", "tests", "{68C364ED-044A-4DF3-A381-D3593EC45BA3}"
EndProject
Project("{FAE04EC0-301F-11D3-BF4B-00C04F79EFBC}") = "Shop.Domain.UnitTests", "Shop.Domain.UnitTests\Shop.Domain.UnitTests.csproj", "{A78B2585-0DC5-4F45-BFA9-BA4BE7E7F0AD}"
EndProject
Project("{FAE04EC0-301F-11D3-BF4B-00C04F79EFBC}") = "Shop.Application.UnitTests", "Shop.Application.UnitTests\Shop.Application.UnitTests.csproj", "{3302E4A8-3DAF-4F0D-918F-2FF38D486C37}"
EndProject
Project("{FAE04EC0-301F-11D3-BF4B-00C04F79EFBC}") = "Shop.API.IntegrationTests", "Shop.API.IntegrationTests\Shop.API.IntegrationTests.csproj", "{ABA7FC13-7D07-4C80-8ACA-75CD41C9E82D}"
EndProject
Global
	GlobalSection(SolutionConfigurationPlatforms) = preSolution
		Debug|Any CPU = Debug|Any CPU
		Release|Any CPU = Release|Any CPU
	EndGlobalSection
	GlobalSection(ProjectConfigurationPlatforms) = postSolution
		{8A003306-4E45-434F-9681-36102F4A8BD1}.Debug|Any CPU.ActiveCfg = Debug|Any CPU
		{8A003306-4E45-434F-9681-36102F4A8BD1}.Debug|Any CPU.Build.0 = Debug|Any CPU
		{8A003306-4E45-434F-9681-36102F4A8BD1}.Release|Any CPU.ActiveCfg = Release|Any CPU
		{8A003306-4E45-434F-9681-36102F4A8BD1}.Release|Any CPU.Build.0 = Release|Any CPU
		{6F8BB67F-6176-4D5A-AED1-01BEEC38DC36}.Debug|Any CPU.ActiveCfg = Debug|Any CPU
		{6F8BB67F-6176-4D5A-AED1-01BEEC38DC36}.Debug|Any CPU.Build.0 = Debug|Any CPU
		{6F8BB67F-6176-4D5A-AED1-01BEEC38DC36}.Release|Any CPU.ActiveCfg = Release|Any CPU
		{6F8BB67F-6176-4D5A-AED1-01BEEC38DC36}.Release|Any CPU.Build.0 = Release|Any CPU
		{A1B5E0D8-2ED1-4779-9BEA-DDD49162E4B5}.Debug|Any CPU.ActiveCfg = Debug|Any CPU
		{A1B5E0D8-2ED1-4779-9BEA-DDD49162E4B5}.Debug|Any CPU.Build.0 = Debug|Any CPU
		{A1B5E0D8-2ED1-4779-9BEA-DDD49162E4B5}.Release|Any CPU.ActiveCfg = Release|Any CPU
		{A1B5E0D8-2ED1-4779-9BEA-DDD49162E4B5}.Release|Any CPU.Build.0 = Release|Any CPU
		{AAC93B7F-4B19-40B2-9CE4-07D54939404F}.Debug|Any CPU.ActiveCfg = Debug|Any CPU
		{AAC93B7F-4B19-40B2-9CE4-07D54939404F}.Debug|Any CPU.Build.0 = Debug|Any CPU
		{AAC93B7F-4B19-40B2-9CE4-07D54939404F}.Release|Any CPU.ActiveCfg = Release|Any CPU
		{AAC93B7F-4B19-40B2-9CE4-07D54939404F}.Release|Any CPU.Build.0 = Release|Any CPU
		{A78B2585-0DC5-4F45-BFA9-BA4BE7E7F0AD}.Debug|Any CPU.ActiveCfg = Debug|Any CPU
		{A78B2585-0DC5-4F45-BFA9-BA4BE7E7F0AD}.Debug|Any CPU.Build.0 = Debug|Any CPU
		{A78B2585-0DC5-4F45-BFA9-BA4BE7E7F0AD}.Release|Any CPU.ActiveCfg = Release|Any CPU
		{A78B2585-0DC5-4F45-BFA9-BA4BE7E7F0AD}.Release|Any CPU.Build.0 = Release|Any CPU
		{3302E4A8-3DAF-4F0D-918F-2FF38D486C37}.Debug|Any CPU.ActiveCfg = Debug|Any CPU
		{3302E4A8-3DAF-4F0D-918F-2FF38D486C37}.Debug|Any CPU.Build.0 = Debug|Any CPU
		{3302E4A8-3DAF-4F0D-918F-2FF38D486C37}.Release|Any CPU.ActiveCfg = Release|Any CPU
		{3302E4A8-3DAF-4F0D-918F-2FF38D486C37}.Release|Any CPU.Build.0 = Release|Any CPU
		{ABA7FC13-7D07-4C80-8ACA-75CD41C9E82D}.Debug|Any CPU.ActiveCfg = Debug|Any CPU
		{ABA7FC13-7D07-4C80-8ACA-75CD41C9E82D}.Debug|Any CPU.Build.0 = Debug|Any CPU
		{ABA7FC13-7D07-4C80-8ACA-75CD41C9E82D}.Release|Any CPU.ActiveCfg = Release|Any CPU
		{ABA7FC13-7D07-4C80-8ACA-75CD41C9E82D}.Release|Any CPU.Build.0 = Release|Any CPU
	EndGlobalSection
	GlobalSection(NestedProjects) = preSolution
		{8A003306-4E45-434F-9681-36102F4A8BD1} = {5CB81EB1-17F6-4564-BE85-FEB3E01BE69A}
		{6F8BB67F-6176-4D5A-AED1-01BEEC38DC36} = {5CB81EB1-17F6-4564-BE85-FEB3E01BE69A}
		{A1B5E0D8-2ED1-4779-9BEA-DDD49162E4B5} = {5CB81EB1-17F6-4564-BE85-FEB3E01BE69A}
		{AAC93B7F-4B19-40B2-9CE4-07D54939404F} = {5CB81EB1-17F6-4564-BE85-FEB3E01BE69A}
		{A78B2585-0DC5-4F45-BFA9-BA4BE7E7F0AD} = {68C364ED-044A-4DF3-A381-D3593EC45BA3}
		{3302E4A8-3DAF-4F0D-918F-2FF38D486C37} = {68C364ED-044A-4DF3-A381-D3593EC45BA3}
		{ABA7FC13-7D07-4C80-8ACA-75CD41C9E82D} = {68C364ED-044A-4DF3-A381-D3593EC45BA3}
	EndGlobalSection
EndGlobal
